{
    "_readme": [
        "This file locks the dependencies of your project to a known state",
        "Read more about it at https://getcomposer.org/doc/01-basic-usage.md#composer-lock-the-lock-file",
        "This file is @generated automatically"
    ],
    "hash": "a49248056bfa3a60036d6f13fd8ace76",
    "content-hash": "aefa5163b5bcd431e6c17916966348b9",
    "packages": [
        {
            "name": "composer/installers",
            "version": "v1.0.19",
            "source": {
                "type": "git",
                "url": "https://github.com/composer/installers.git",
                "reference": "89d77bfbee79e16653f7162c86e602cc188471db"
            },
            "dist": {
                "type": "zip",
                "url": "https://api.github.com/repos/composer/installers/zipball/89d77bfbee79e16653f7162c86e602cc188471db",
                "reference": "89d77bfbee79e16653f7162c86e602cc188471db",
                "shasum": ""
            },
            "replace": {
                "roundcube/plugin-installer": "*",
                "shama/baton": "*"
            },
            "require-dev": {
                "composer/composer": "1.0.*@dev",
                "phpunit/phpunit": "4.1.*"
            },
            "type": "composer-installer",
            "extra": {
                "class": "Composer\\Installers\\Installer",
                "branch-alias": {
                    "dev-master": "1.0-dev"
                }
            },
            "autoload": {
                "psr-0": {
                    "Composer\\Installers\\": "src/"
                }
            },
            "notification-url": "https://packagist.org/downloads/",
            "license": [
                "MIT"
            ],
            "authors": [
                {
                    "name": "Kyle Robinson Young",
                    "email": "kyle@dontkry.com",
                    "homepage": "https://github.com/shama"
                }
            ],
            "description": "A multi-framework Composer library installer",
            "homepage": "http://composer.github.com/installers/",
            "keywords": [
                "Craft",
                "Dolibarr",
                "Hurad",
                "MODX Evo",
                "OXID",
                "Thelia",
                "WolfCMS",
                "agl",
                "annotatecms",
                "bitrix",
                "cakephp",
                "chef",
                "codeigniter",
                "concrete5",
                "croogo",
                "dokuwiki",
                "drupal",
                "elgg",
                "fuelphp",
                "grav",
                "installer",
                "joomla",
                "kohana",
                "laravel",
                "lithium",
                "magento",
                "mako",
                "mediawiki",
                "modulework",
                "moodle",
                "phpbb",
                "piwik",
                "ppi",
                "puppet",
                "roundcube",
                "shopware",
                "silverstripe",
                "symfony",
                "typo3",
                "wordpress",
                "zend",
                "zikula"
            ],
            "time": "2014-11-29 01:29:17"
        },
        {
            "name": "gravityforms/gravityforms",
            "version": "1.9.10.15",
            "source": {
                "type": "git",
                "url": "https://github.com/gravityforms/gravityforms.git",
                "reference": "1.9.10.15"
            },
            "type": "wordpress-plugin"
        },
        {
            "name": "johnpbloch/wordpress",
            "version": "4.3.1",
            "source": {
                "type": "git",
                "url": "https://github.com/johnpbloch/wordpress.git",
                "reference": "cfcf25eb42baeb7316a61c7a64e9a1ab3e291f2f"
            },
            "dist": {
                "type": "zip",
                "url": "https://api.github.com/repos/johnpbloch/wordpress/zipball/cfcf25eb42baeb7316a61c7a64e9a1ab3e291f2f",
                "reference": "cfcf25eb42baeb7316a61c7a64e9a1ab3e291f2f",
                "shasum": ""
            },
            "require": {
                "johnpbloch/wordpress-core-installer": "~0.2",
                "php": ">=5.3.2"
            },
            "type": "wordpress-core",
            "notification-url": "https://packagist.org/downloads/",
            "license": [
                "GPL-2.0+"
            ],
            "authors": [
                {
                    "name": "WordPress Community",
                    "homepage": "http://wordpress.org/about/"
                }
            ],
            "description": "WordPress is web software you can use to create a beautiful website or blog.",
            "homepage": "http://wordpress.org/",
            "keywords": [
                "blog",
                "cms"
            ],
            "time": "2015-09-15 15:01:23"
        },
        {
            "name": "johnpbloch/wordpress-core-installer",
            "version": "0.2.1",
            "source": {
                "type": "git",
                "url": "https://github.com/johnpbloch/wordpress-core-installer.git",
                "reference": "a04c2c383ef13aae077f36799ed2eafdebd618d2"
            },
            "dist": {
                "type": "zip",
                "url": "https://api.github.com/repos/johnpbloch/wordpress-core-installer/zipball/a04c2c383ef13aae077f36799ed2eafdebd618d2",
                "reference": "a04c2c383ef13aae077f36799ed2eafdebd618d2",
                "shasum": ""
            },
            "require": {
                "composer-plugin-api": "^1.0"
            },
            "conflict": {
                "composer/installers": "<1.0.6"
            },
            "require-dev": {
                "composer/composer": "1.0.*@dev"
            },
            "type": "composer-plugin",
            "extra": {
                "class": "johnpbloch\\Composer\\WordPressCorePlugin"
            },
            "autoload": {
                "psr-0": {
                    "johnpbloch\\Composer\\": "src/"
                }
            },
            "notification-url": "https://packagist.org/downloads/",
            "license": [
                "GPL-2.0+"
            ],
            "authors": [
                {
                    "name": "John P. Bloch",
                    "email": "me@johnpbloch.com"
                }
            ],
            "description": "A custom installer to handle deploying WordPress with composer",
            "keywords": [
                "wordpress"
            ],
            "time": "2015-06-11 15:15:30"
        },
        {
            "name": "koodimonni-language/core-nl_nl",
            "version": "4.3.1",
            "dist": {
                "type": "zip",
                "url": "https://downloads.wordpress.org/translation/core/4.3.1/nl_NL.zip",
                "reference": null,
                "shasum": null
            },
            "require": {
                "koodimonni/composer-dropin-installer": ">=0.2.3"
            },
            "type": "wordpress-language",
            "description": "Wordpress core translation for Dutch - nl_nl",
            "keywords": [
                "Translation",
                "Wordpress",
                "core",
                "nl_nl"
            ]
        },
        {
            "name": "koodimonni/composer-dropin-installer",
            "version": "0.2.4",
            "source": {
                "type": "git",
                "url": "https://github.com/Koodimonni/Composer-Dropin-Installer.git",
                "reference": "618b96fd3bc8c1532610b7f7baedc4e60736a340"
            },
            "dist": {
                "type": "zip",
                "url": "https://api.github.com/repos/Koodimonni/Composer-Dropin-Installer/zipball/618b96fd3bc8c1532610b7f7baedc4e60736a340",
                "reference": "618b96fd3bc8c1532610b7f7baedc4e60736a340",
                "shasum": ""
            },
            "require": {
                "composer-plugin-api": "1.0.0"
            },
            "type": "composer-plugin",
            "extra": {
                "class": "Koodimonni\\Composer\\Dropin"
            },
            "autoload": {
                "psr-4": {
                    "Koodimonni\\Composer\\": "src"
                }
            },
            "notification-url": "https://packagist.org/downloads/",
            "license": [
                "WTFPL"
            ],
            "authors": [
                {
                    "name": "Onni Hakala",
                    "email": "onni@koodimonni.fi"
                }
            ],
            "description": "Do what the fuck you want with your composer packages aka. Composer Dropin installer. Install packages or part of packages into custom paths without overwriting existing stuff.",
            "time": "2015-01-04 10:24:12"
        },
        {
            "name": "trendwerk/editor-capabilities",
            "version": "1.0.0",
            "source": {
                "type": "git",
                "url": "https://github.com/trendwerk/editor-capabilities.git",
                "reference": "181253f6fc10f616b9f6ae6ffb7c06cb5b8e59ac"
            },
            "dist": {
                "type": "zip",
                "url": "https://api.github.com/repos/trendwerk/editor-capabilities/zipball/181253f6fc10f616b9f6ae6ffb7c06cb5b8e59ac",
                "reference": "181253f6fc10f616b9f6ae6ffb7c06cb5b8e59ac",
                "shasum": ""
            },
            "require": {
                "composer/installers": "v1.0.19",
                "php": ">=5.4"
            },
            "type": "wordpress-muplugin",
            "notification-url": "https://packagist.org/downloads/",
            "license": [
                "GPL-2.0+"
            ],
            "authors": [
                {
                    "name": "Harold Angenent",
                    "email": "harold@trendwerk.nl"
                }
            ],
            "description": "Sets up the editor role a bit different. Made for WordPress.",
            "time": "2015-01-30 12:24:18"
        },
        {
            "name": "trendwerk/post-type-menu-highlight",
            "version": "1.1.2",
            "source": {
                "type": "git",
                "url": "https://github.com/trendwerk/post-type-menu-highlight.git",
                "reference": "bacd6f253fc1dd74b61e975e2965a8b1ba09cba8"
            },
            "dist": {
                "type": "zip",
                "url": "https://api.github.com/repos/trendwerk/post-type-menu-highlight/zipball/bacd6f253fc1dd74b61e975e2965a8b1ba09cba8",
                "reference": "bacd6f253fc1dd74b61e975e2965a8b1ba09cba8",
                "shasum": ""
            },
            "require": {
                "composer/installers": "v1.0.19",
                "php": ">=5.4"
            },
            "type": "wordpress-muplugin",
            "notification-url": "https://packagist.org/downloads/",
            "license": [
                "GPL-2.0+"
            ],
            "authors": [
                {
                    "name": "Harold Angenent",
                    "email": "harold@trendwerk.nl"
                }
            ],
            "description": "Fixes classes in main menu. Made for WordPress.",
            "time": "2015-04-24 13:38:22"
        },
        {
            "name": "vlucas/phpdotenv",
            "version": "v2.1.0",
            "source": {
                "type": "git",
                "url": "https://github.com/vlucas/phpdotenv.git",
                "reference": "c10040e0df17d2ee88e9212b50cbe9319e878f59"
            },
            "dist": {
                "type": "zip",
                "url": "https://api.github.com/repos/vlucas/phpdotenv/zipball/c10040e0df17d2ee88e9212b50cbe9319e878f59",
                "reference": "c10040e0df17d2ee88e9212b50cbe9319e878f59",
                "shasum": ""
            },
            "require": {
                "php": ">=5.3.9"
            },
            "require-dev": {
                "phpunit/phpunit": "~4.0"
            },
            "type": "library",
            "extra": {
                "branch-alias": {
                    "dev-master": "2.1-dev"
                }
            },
            "autoload": {
                "psr-4": {
                    "Dotenv\\": "src/"
                }
            },
            "notification-url": "https://packagist.org/downloads/",
            "license": [
                "BSD"
            ],
            "authors": [
                {
                    "name": "Vance Lucas",
                    "email": "vance@vancelucas.com",
                    "homepage": "http://www.vancelucas.com"
                }
            ],
            "description": "Loads environment variables from `.env` to `getenv()`, `$_ENV` and `$_SERVER` automagically.",
            "homepage": "http://github.com/vlucas/phpdotenv",
            "keywords": [
                "dotenv",
                "env",
                "environment"
            ],
            "time": "2015-10-28 18:53:35"
        },
        {
            "name": "wpackagist-plugin/google-analytics-for-wordpress",
            "version": "5.4.6",
            "source": {
                "type": "svn",
                "url": "http://plugins.svn.wordpress.org/google-analytics-for-wordpress/",
                "reference": "tags/5.4.6"
            },
            "dist": {
                "type": "zip",
                "url": "https://downloads.wordpress.org/plugin/google-analytics-for-wordpress.5.4.6.zip",
                "reference": null,
                "shasum": null
            },
            "require": {
                "composer/installers": "~1.0"
            },
            "type": "wordpress-plugin",
            "homepage": "https://wordpress.org/plugins/google-analytics-for-wordpress/"
        },
        {
            "name": "wpackagist-plugin/timber-library",
            "version": "0.22.0",
            "source": {
                "type": "svn",
                "url": "http://plugins.svn.wordpress.org/timber-library/",
                "reference": "tags/0.22.0"
            },
            "dist": {
                "type": "zip",
                "url": "https://downloads.wordpress.org/plugin/timber-library.0.22.0.zip",
                "reference": null,
                "shasum": null
            },
            "require": {
                "composer/installers": "~1.0"
            },
            "type": "wordpress-plugin",
            "homepage": "https://wordpress.org/plugins/timber-library/"
        },
        {
            "name": "wpackagist-plugin/wordpress-seo",
            "version": "2.3.5",
            "source": {
                "type": "svn",
                "url": "http://plugins.svn.wordpress.org/wordpress-seo/",
                "reference": "tags/2.3.5"
            },
            "dist": {
                "type": "zip",
                "url": "https://downloads.wordpress.org/plugin/wordpress-seo.2.3.5.zip",
                "reference": null,
                "shasum": null
            },
            "require": {
                "composer/installers": "~1.0"
            },
            "type": "wordpress-plugin",
            "homepage": "https://wordpress.org/plugins/wordpress-seo/"
        },
        {
            "name": "wpackagist-plugin/wp-retina-2x",
            "version": "3.5.4",
            "source": {
                "type": "svn",
                "url": "http://plugins.svn.wordpress.org/wp-retina-2x/",
                "reference": "tags/3.5.4"
            },
            "dist": {
                "type": "zip",
                "url": "https://downloads.wordpress.org/plugin/wp-retina-2x.3.5.4.zip",
                "reference": null,
                "shasum": null
            },
            "require": {
                "composer/installers": "~1.0"
            },
            "type": "wordpress-plugin",
            "homepage": "https://wordpress.org/plugins/wp-retina-2x/"
        }
    ],
    "packages-dev": [
        {
            "name": "trendwerk/dev-mail",
            "version": "1.0.1",
            "source": {
                "type": "git",
                "url": "https://github.com/trendwerk/dev-mail.git",
                "reference": "cec816274fca5aee5f80b8dd71f2c4fb4502bf24"
            },
            "dist": {
                "type": "zip",
                "url": "https://api.github.com/repos/trendwerk/dev-mail/zipball/cec816274fca5aee5f80b8dd71f2c4fb4502bf24",
                "reference": "cec816274fca5aee5f80b8dd71f2c4fb4502bf24",
                "shasum": ""
            },
            "require": {
                "composer/installers": "v1.0.19",
                "php": ">=5.4"
            },
            "type": "wordpress-muplugin",
            "notification-url": "https://packagist.org/downloads/",
            "license": [
                "GPL-2.0+"
            ],
            "authors": [
                {
                    "name": "Harold Angenent",
                    "email": "harold@trendwerk.nl"
                }
            ],
            "description": "Redirect all mails on development and staging environments. Made for WordPress.",
            "time": "2015-01-30 15:18:19"
        },
        {
            "name": "trendwerk/dev-uploads",
            "version": "1.0.3",
            "source": {
                "type": "git",
                "url": "https://github.com/trendwerk/dev-uploads.git",
                "reference": "9a55953c3d5718464d467c96484848db327ac60e"
            },
            "dist": {
                "type": "zip",
                "url": "https://api.github.com/repos/trendwerk/dev-uploads/zipball/9a55953c3d5718464d467c96484848db327ac60e",
                "reference": "9a55953c3d5718464d467c96484848db327ac60e",
                "shasum": ""
            },
            "require": {
                "composer/installers": "v1.0.19",
                "php": ">=5.4"
            },
            "type": "wordpress-muplugin",
            "notification-url": "https://packagist.org/downloads/",
            "license": [
                "GPL-2.0+"
            ],
            "authors": [
                {
                    "name": "Harold Angenent",
                    "email": "harold@trendwerk.nl"
                }
            ],
            "description": "Placeholder images for development and staging environments. Made for WordPress.",
            "time": "2015-04-16 12:37:54"
        }
    ],
    "aliases": [],
    "minimum-stability": "stable",
    "stability-flags": [],
    "prefer-stable": false,
    "prefer-lowest": false,
    "platform": {
        "php": ">=5.5"
    },
    "platform-dev": []
}
